
Microsoft Visual Studio Solution File, Format Version 12.00
# Visual Studio Version 17
VisualStudioVersion = 17.14.36518.9 d17.14
MinimumVisualStudioVersion = 10.0.40219.1
Project("{FAE04EC0-301F-11D3-BF4B-00C04F79EFBC}") = "AutoDrop", "AutoDrop.csproj", "{F152A40C-7A12-430A-B500-E11DF40EB09F}"
EndProject
Global
	GlobalSection(SolutionConfigurationPlatforms) = preSolution
		Debug|Any CPU = Debug|Any CPU
		Release|Any CPU = Release|Any CPU
	EndGlobalSection
	GlobalSection(ProjectConfigurationPlatforms) = postSolution
		{F152A40C-7A12-430A-B500-E11DF40EB09F}.Debug|Any CPU.ActiveCfg = Debug|Any CPU
		{F152A40C-7A12-430A-B500-E11DF40EB09F}.Debug|Any CPU.Build.0 = Debug|Any CPU
		{F152A40C-7A12-430A-B500-E11DF40EB09F}.Release|Any CPU.ActiveCfg = Release|Any CPU
		{F152A40C-7A12-430A-B500-E11DF40EB09F}.Release|Any CPU.Build.0 = Release|Any CPU
	EndGlobalSection
	GlobalSection(SolutionProperties) = preSolution
		HideSolutionNode = FALSE
	EndGlobalSection
	GlobalSection(ExtensibilityGlobals) = postSolution
		SolutionGuid = {54DFDF48-9A4E-4C74-AABB-9B25B5D04505}
	EndGlobalSection
EndGlobal
