
Microsoft Visual Studio Solution File, Format Version 12.00
# Visual Studio Version 17
VisualStudioVersion = 17.14.36511.14 d17.14
MinimumVisualStudioVersion = 10.0.40219.1
Project("{FAE04EC0-301F-11D3-BF4B-00C04F79EFBC}") = "BuildableNaturalTileFix", "BuildableNaturalTileFix.csproj", "{C2A8915B-DD6D-4D25-AD7F-8A7C9B13A226}"
EndProject
Global
	GlobalSection(SolutionConfigurationPlatforms) = preSolution
		Debug|Any CPU = Debug|Any CPU
		Debug|x64 = Debug|x64
		Release|Any CPU = Release|Any CPU
		Release|x64 = Release|x64
	EndGlobalSection
	GlobalSection(ProjectConfigurationPlatforms) = postSolution
		{C2A8915B-DD6D-4D25-AD7F-8A7C9B13A226}.Debug|Any CPU.ActiveCfg = Debug|Any CPU
		{C2A8915B-DD6D-4D25-AD7F-8A7C9B13A226}.Debug|Any CPU.Build.0 = Debug|Any CPU
		{C2A8915B-DD6D-4D25-AD7F-8A7C9B13A226}.Debug|x64.ActiveCfg = Debug|x64
		{C2A8915B-DD6D-4D25-AD7F-8A7C9B13A226}.Debug|x64.Build.0 = Debug|x64
		{C2A8915B-DD6D-4D25-AD7F-8A7C9B13A226}.Release|Any CPU.ActiveCfg = Release|Any CPU
		{C2A8915B-DD6D-4D25-AD7F-8A7C9B13A226}.Release|Any CPU.Build.0 = Release|Any CPU
		{C2A8915B-DD6D-4D25-AD7F-8A7C9B13A226}.Release|x64.ActiveCfg = Release|x64
		{C2A8915B-DD6D-4D25-AD7F-8A7C9B13A226}.Release|x64.Build.0 = Release|x64
	EndGlobalSection
	GlobalSection(SolutionProperties) = preSolution
		HideSolutionNode = FALSE
	EndGlobalSection
	GlobalSection(ExtensibilityGlobals) = postSolution
		SolutionGuid = {76613F8F-0E20-47DA-AFA9-F9A88C709F1C}
	EndGlobalSection
EndGlobal
